{
  "version": "5",
  "specifiers": {
    "jsr:@std/assert@^1.0.19": "1.0.19",
    "jsr:@std/async@^1.4.0": "1.4.0",
    "jsr:@std/data-structures@^1.1.0": "1.1.0",
    "jsr:@std/expect@*": "1.0.19",
    "jsr:@std/internal@^1.0.12": "1.0.14",
    "jsr:@std/internal@^1.0.13": "1.0.14",
    "jsr:@std/path@^1.1.4": "1.1.4",
    "jsr:@std/testing@*": "1.0.19"
  },
  "jsr": {
    "@std/assert@1.0.19": {
      "integrity": "eaada96ee120cb980bc47e040f82814d786fe8162ecc53c91d8df60b8755991e",
      "dependencies": [
        "jsr:@std/internal@^1.0.12"
      ]
    },
    "@std/async@1.4.0": {
      "integrity": "4d70b008634f571cff9b554090d628c76141c32613aae0ff283fd5fa23d0c379"
    },
    "@std/data-structures@1.1.0": {
      "integrity": "c35ae4ad5d8e41a38573c2fe3e19b18ea2505f63cfea201edcb8720aca1f7f58"
    },
    "@std/expect@1.0.19": {
      "integrity": "25271785688c7ff902fa54875d6aa4001f552c5578f7f0fefb5b5aac1fc2ed8a",
      "dependencies": [
        "jsr:@std/assert",
        "jsr:@std/internal@^1.0.13",
        "jsr:@std/path"
      ]
    },
    "@std/internal@1.0.14": {
      "integrity": "291516b3d4c35024d6ffbc0a9df5bf4c64116e05b50012cf846710152d2ffdf7"
    },
    "@std/path@1.1.4": {
      "integrity": "1d2d43f39efb1b42f0b1882a25486647cb851481862dc7313390b2bb044314b5",
      "dependencies": [
        "jsr:@std/internal@^1.0.12"
      ]
    },
    "@std/testing@1.0.19": {
      "integrity": "f4236172365b216728dc3cc8b5e80a9f4c33083d1e4ede7613d5b25b4014898e",
      "dependencies": [
        "jsr:@std/assert",
        "jsr:@std/async",
        "jsr:@std/data-structures"
      ]
    }
  },
  "workspace": {
    "packageJson": {
      "dependencies": [
        "npm:turbo@2.9.14"
      ]
    },
    "members": {
      "apps/server": {
        "packageJson": {
          "dependencies": [
            "npm:@jsr/std__expect@^1.0.19",
            "npm:@jsr/std__testing@^1.0.19"
          ]
        }
      },
      "apps/status-page": {
        "packageJson": {
          "dependencies": [
            "npm:@jsr/std__expect@^1.0.19",
            "npm:@jsr/std__testing@^1.0.19"
          ]
        }
      },
      "apps/web": {
        "packageJson": {
          "dependencies": [
            "npm:@jsr/std__expect@^1.0.19",
            "npm:@jsr/std__testing@^1.0.19"
          ]
        }
      },
      "packages/ai": {
        "packageJson": {
          "dependencies": [
            "npm:@jsr/std__expect@^1.0.19",
            "npm:@jsr/std__testing@^1.0.19"
          ]
        }
      },
      "packages/api": {
        "packageJson": {
          "dependencies": [
            "npm:@jsr/std__expect@^1.0.19",
            "npm:@jsr/std__testing@^1.0.19"
          ]
        }
      },
      "packages/db": {
        "packageJson": {
          "dependencies": [
            "npm:@jsr/std__expect@^1.0.19",
            "npm:@jsr/std__testing@^1.0.19"
          ]
        }
      },
      "packages/emails": {
        "packageJson": {
          "dependencies": [
            "npm:@jsr/std__expect@^1.0.19",
            "npm:@jsr/std__testing@^1.0.19"
          ]
        }
      },
      "packages/header-analysis": {
        "packageJson": {
          "dependencies": [
            "npm:@jsr/std__expect@^1.0.19",
            "npm:@jsr/std__testing@^1.0.19"
          ]
        }
      },
      "packages/importers": {
        "packageJson": {
          "dependencies": [
            "npm:@jsr/std__expect@^1.0.19",
            "npm:@jsr/std__testing@^1.0.19"
          ]
        }
      },
      "packages/notifications/base": {
        "packageJson": {
          "dependencies": [
            "npm:@jsr/std__expect@^1.0.19",
            "npm:@jsr/std__testing@^1.0.19"
          ]
        }
      },
      "packages/notifications/bird-whatsapp": {
        "packageJson": {
          "dependencies": [
            "npm:@jsr/std__expect@^1.0.19",
            "npm:@jsr/std__testing@^1.0.19"
          ]
        }
      },
      "packages/notifications/discord": {
        "packageJson": {
          "dependencies": [
            "npm:@jsr/std__expect@^1.0.19",
            "npm:@jsr/std__testing@^1.0.19"
          ]
        }
      },
      "packages/notifications/google-chat": {
        "packageJson": {
          "dependencies": [
            "npm:@jsr/std__expect@^1.0.19",
            "npm:@jsr/std__testing@^1.0.19"
          ]
        }
      },
      "packages/notifications/grafana-oncall": {
        "packageJson": {
          "dependencies": [
            "npm:@jsr/std__expect@^1.0.19",
            "npm:@jsr/std__testing@^1.0.19"
          ]
        }
      },
      "packages/notifications/ms-teams": {
        "packageJson": {
          "dependencies": [
            "npm:@jsr/std__expect@^1.0.19",
            "npm:@jsr/std__testing@^1.0.19"
          ]
        }
      },
      "packages/notifications/ntfy": {
        "packageJson": {
          "dependencies": [
            "npm:@jsr/std__expect@^1.0.19",
            "npm:@jsr/std__testing@^1.0.19"
          ]
        }
      },
      "packages/notifications/opsgenie": {
        "packageJson": {
          "dependencies": [
            "npm:@jsr/std__expect@^1.0.19",
            "npm:@jsr/std__testing@^1.0.19"
          ]
        }
      },
      "packages/notifications/pagerduty": {
        "packageJson": {
          "dependencies": [
            "npm:@jsr/std__expect@^1.0.19",
            "npm:@jsr/std__testing@^1.0.19"
          ]
        }
      },
      "packages/notifications/slack": {
        "packageJson": {
          "dependencies": [
            "npm:@jsr/std__expect@^1.0.19",
            "npm:@jsr/std__testing@^1.0.19"
          ]
        }
      },
      "packages/notifications/telegram": {
        "packageJson": {
          "dependencies": [
            "npm:@jsr/std__expect@^1.0.19",
            "npm:@jsr/std__testing@^1.0.19"
          ]
        }
      },
      "packages/notifications/twillio-sms": {
        "packageJson": {
          "dependencies": [
            "npm:@jsr/std__expect@^1.0.19",
            "npm:@jsr/std__testing@^1.0.19"
          ]
        }
      },
      "packages/notifications/webhook": {
        "packageJson": {
          "dependencies": [
            "npm:@jsr/std__expect@^1.0.19",
            "npm:@jsr/std__testing@^1.0.19"
          ]
        }
      },
      "packages/services": {
        "packageJson": {
          "dependencies": [
            "npm:@jsr/std__expect@^1.0.19",
            "npm:@jsr/std__testing@^1.0.19"
          ]
        }
      },
      "packages/status-fetcher": {
        "packageJson": {
          "dependencies": [
            "npm:@jsr/std__expect@^1.0.19",
            "npm:@jsr/std__testing@^1.0.19"
          ]
        }
      },
      "packages/subscriptions": {
        "packageJson": {
          "dependencies": [
            "npm:@jsr/std__expect@^1.0.19",
            "npm:@jsr/std__testing@^1.0.19"
          ]
        }
      },
      "packages/test-utils": {
        "packageJson": {
          "dependencies": [
            "npm:@jsr/std__expect@^1.0.19",
            "npm:@jsr/std__testing@^1.0.19"
          ]
        }
      },
      "packages/tracker": {
        "packageJson": {
          "dependencies": [
            "npm:@jsr/std__expect@^1.0.19",
            "npm:@jsr/std__testing@^1.0.19"
          ]
        }
      },
      "packages/utils": {
        "packageJson": {
          "dependencies": [
            "npm:@jsr/std__expect@^1.0.19",
            "npm:@jsr/std__testing@^1.0.19"
          ]
        }
      }
    }
  }
}
