{
  "lockfile_version": "1",
  "packages": {
    "bun@latest": {
      "last_modified": "2025-10-27T19:50:41Z",
      "resolved": "github:NixOS/nixpkgs/1666250dbe4141e4ca8aaf89b40a3a51c2e36144#bun",
      "source": "devbox-search",
      "version": "1.3.1",
      "systems": {
        "aarch64-darwin": {
          "outputs": [
            {
              "name": "out",
              "path": "/nix/store/q77q60pidwk04lgw5q930a32w9zp7r0p-bun-1.3.1",
              "default": true
            }
          ],
          "store_path": "/nix/store/q77q60pidwk04lgw5q930a32w9zp7r0p-bun-1.3.1"
        },
        "aarch64-linux": {
          "outputs": [
            {
              "name": "out",
              "path": "/nix/store/7ba6bigk4vpvxpmx0c3h6rg5zl9bs5np-bun-1.3.1",
              "default": true
            }
          ],
          "store_path": "/nix/store/7ba6bigk4vpvxpmx0c3h6rg5zl9bs5np-bun-1.3.1"
        },
        "x86_64-darwin": {
          "outputs": [
            {
              "name": "out",
              "path": "/nix/store/27338drvdd2cqz765wa4s51kz866v4ws-bun-1.3.1",
              "default": true
            }
          ],
          "store_path": "/nix/store/27338drvdd2cqz765wa4s51kz866v4ws-bun-1.3.1"
        },
        "x86_64-linux": {
          "outputs": [
            {
              "name": "out",
              "path": "/nix/store/jzjyn4d12klv4kp47c86z4dk1bksbg0q-bun-1.3.1",
              "default": true
            }
          ],
          "store_path": "/nix/store/jzjyn4d12klv4kp47c86z4dk1bksbg0q-bun-1.3.1"
        }
      }
    },
    "github:NixOS/nixpkgs/nixpkgs-unstable": {
      "last_modified": "2025-11-05T16:44:39Z",
      "resolved": "github:NixOS/nixpkgs/ffcdcf99d65c61956d882df249a9be53e5902ea5?lastModified=1762361079&narHash=sha256-lz718rr1BDpZBYk7%2BG8cE6wee3PiBUpn8aomG%2FvLLiY%3D"
    },
    "nodejs@22": {
      "last_modified": "2025-05-31T03:30:20Z",
      "plugin_version": "0.0.2",
      "resolved": "github:NixOS/nixpkgs/59138c7667b7970d205d6a05a8bfa2d78caa3643#nodejs_22",
      "source": "devbox-search",
      "version": "22.14.0",
      "systems": {
        "aarch64-darwin": {
          "outputs": [
            {
              "name": "out",
              "path": "/nix/store/g5bv4gi6p7ryhs2hbaryxs6ivsxa6lqc-nodejs-22.14.0",
              "default": true
            },
            {
              "name": "dev",
              "path": "/nix/store/96vpirdcns8zxdwzwl7n804012lwrf1n-nodejs-22.14.0-dev"
            },
            {
              "name": "libv8",
              "path": "/nix/store/xph2837xqjnra80mqlk64xp7vb3kkqxs-nodejs-22.14.0-libv8"
            }
          ],
          "store_path": "/nix/store/g5bv4gi6p7ryhs2hbaryxs6ivsxa6lqc-nodejs-22.14.0"
        },
        "aarch64-linux": {
          "outputs": [
            {
              "name": "out",
              "path": "/nix/store/cwb781xbp70f72njqh8vhvbsf1xq87i5-nodejs-22.14.0",
              "default": true
            },
            {
              "name": "dev",
              "path": "/nix/store/0w5mql46am2qai707a42q983l44l1h9z-nodejs-22.14.0-dev"
            },
            {
              "name": "libv8",
              "path": "/nix/store/vy56lahz381ayvw3hym3wj4r4ggv7gbk-nodejs-22.14.0-libv8"
            }
          ],
          "store_path": "/nix/store/cwb781xbp70f72njqh8vhvbsf1xq87i5-nodejs-22.14.0"
        },
        "x86_64-darwin": {
          "outputs": [
            {
              "name": "out",
              "path": "/nix/store/086zjv14ipka2vbpgwil3xyvi5ml4vh3-nodejs-22.14.0",
              "default": true
            },
            {
              "name": "dev",
              "path": "/nix/store/24n01nfvy908pwzwpgsl0k4227187i7i-nodejs-22.14.0-dev"
            },
            {
              "name": "libv8",
              "path": "/nix/store/jiwk0in1wk85crn9vp03gg937gbh1s0w-nodejs-22.14.0-libv8"
            }
          ],
          "store_path": "/nix/store/086zjv14ipka2vbpgwil3xyvi5ml4vh3-nodejs-22.14.0"
        },
        "x86_64-linux": {
          "outputs": [
            {
              "name": "out",
              "path": "/nix/store/c8jxsih8yy2rnncdmx2hyraizf689nvp-nodejs-22.14.0",
              "default": true
            },
            {
              "name": "libv8",
              "path": "/nix/store/s8gnrgh9hgnbkrc1wrn21d6zvkbvm9vi-nodejs-22.14.0-libv8"
            },
            {
              "name": "dev",
              "path": "/nix/store/xw8c1c0inxq3xl1d7axz19vq8c05kjk5-nodejs-22.14.0-dev"
            }
          ],
          "store_path": "/nix/store/c8jxsih8yy2rnncdmx2hyraizf689nvp-nodejs-22.14.0"
        }
      }
    },
    "sqld@latest": {
      "last_modified": "2025-10-22T20:59:19Z",
      "resolved": "github:NixOS/nixpkgs/01b6809f7f9d1183a2b3e081f0a1e6f8f415cb09#sqld",
      "source": "devbox-search",
      "version": "0.24.32",
      "systems": {
        "aarch64-darwin": {
          "outputs": [
            {
              "name": "out",
              "path": "/nix/store/sgwjj0nld67nwx8w7b529bwvfyv9r9r0-sqld-0.24.32",
              "default": true
            }
          ],
          "store_path": "/nix/store/sgwjj0nld67nwx8w7b529bwvfyv9r9r0-sqld-0.24.32"
        },
        "aarch64-linux": {
          "outputs": [
            {
              "name": "out",
              "path": "/nix/store/gh46ibxxbfvz2qymp0vd2n4akad5wp7x-sqld-0.24.32",
              "default": true
            }
          ],
          "store_path": "/nix/store/gh46ibxxbfvz2qymp0vd2n4akad5wp7x-sqld-0.24.32"
        },
        "x86_64-darwin": {
          "outputs": [
            {
              "name": "out",
              "path": "/nix/store/gm5zbh90kw0qc9zmmmyrn3icjjycmdgz-sqld-0.24.32",
              "default": true
            }
          ],
          "store_path": "/nix/store/gm5zbh90kw0qc9zmmmyrn3icjjycmdgz-sqld-0.24.32"
        },
        "x86_64-linux": {
          "outputs": [
            {
              "name": "out",
              "path": "/nix/store/j29jdlfnnqpvm22n0w4sj4zf2lm3lv0w-sqld-0.24.32",
              "default": true
            }
          ],
          "store_path": "/nix/store/j29jdlfnnqpvm22n0w4sj4zf2lm3lv0w-sqld-0.24.32"
        }
      }
    },
    "turso-cli@latest": {
      "last_modified": "2025-10-22T20:59:19Z",
      "resolved": "github:NixOS/nixpkgs/01b6809f7f9d1183a2b3e081f0a1e6f8f415cb09#turso-cli",
      "source": "devbox-search",
      "version": "1.0.15",
      "systems": {
        "aarch64-darwin": {
          "outputs": [
            {
              "name": "out",
              "path": "/nix/store/n2a4r9cnif35d00qmn4zb96643n9xd05-turso-cli-1.0.15",
              "default": true
            }
          ],
          "store_path": "/nix/store/n2a4r9cnif35d00qmn4zb96643n9xd05-turso-cli-1.0.15"
        },
        "aarch64-linux": {
          "outputs": [
            {
              "name": "out",
              "path": "/nix/store/yy8nfs9z5f19xvjn07qxgi533ah59wdd-turso-cli-1.0.15",
              "default": true
            }
          ],
          "store_path": "/nix/store/yy8nfs9z5f19xvjn07qxgi533ah59wdd-turso-cli-1.0.15"
        },
        "x86_64-darwin": {
          "outputs": [
            {
              "name": "out",
              "path": "/nix/store/6lcri76g9pdjw628kw60zxa4ixhz41vq-turso-cli-1.0.15",
              "default": true
            }
          ],
          "store_path": "/nix/store/6lcri76g9pdjw628kw60zxa4ixhz41vq-turso-cli-1.0.15"
        },
        "x86_64-linux": {
          "outputs": [
            {
              "name": "out",
              "path": "/nix/store/87zwzwq3h8hmznw1wqlqp9ksgy16s20n-turso-cli-1.0.15",
              "default": true
            }
          ],
          "store_path": "/nix/store/87zwzwq3h8hmznw1wqlqp9ksgy16s20n-turso-cli-1.0.15"
        }
      }
    }
  }
}
