effective: |
  ignore:
  - node_modules
  - /apps/docs
  - /apps/screenshot-service
  - /apps/web
  - /packages/api
  - /packages/integrations/vercel
  builders:
    build:
      fromImage:
        path: oven/bun
        digest: sha256:10cda3ac52b7ddfb3dda2fd1f0ed2147dcb8d5b7ed7baeffbfcaf6e15c1c00df
      workdir: /app/apps/server
      env:
        NODE_ENV: production
      copy:
      - paths:
        - .
        target: /app/
      - fromBuilder: install
        paths:
        - /app/node_modules
        target: /app/node_modules
      run:
      - bun build --compile --sourcemap src/index.ts --outfile=app
    install:
      fromImage:
        path: oven/bun
        digest: sha256:10cda3ac52b7ddfb3dda2fd1f0ed2147dcb8d5b7ed7baeffbfcaf6e15c1c00df
      workdir: /app/
      run:
      - bun install --production --ignore-scripts --frozen-lockfile --verbose
      cache:
      - target: /root/.bun/install/cache
      bind:
      - target: package.json
        source: package.json
      - target: apps/server/package.json
        source: apps/server/package.json
      - target: packages/analytics/package.json
        source: packages/analytics/package.json
      - target: packages/db/package.json
        source: packages/db/package.json
      - target: packages/emails/package.json
        source: packages/emails/package.json
      - target: packages/error/package.json
        source: packages/error/package.json
      - target: packages/notifications/discord/package.json
        source: packages/notifications/discord/package.json
      - target: packages/notifications/email/package.json
        source: packages/notifications/email/package.json
      - target: packages/notifications/opsgenie/package.json
        source: packages/notifications/opsgenie/package.json
      - target: packages/notifications/pagerduty/package.json
        source: packages/notifications/pagerduty/package.json
      - target: packages/notifications/slack/package.json
        source: packages/notifications/slack/package.json
      - target: packages/notifications/twillio-sms/package.json
        source: packages/notifications/twillio-sms/package.json
      - target: packages/tinybird/package.json
        source: packages/tinybird/package.json
      - target: packages/tracker/package.json
        source: packages/tracker/package.json
      - target: packages/upstash/package.json
        source: packages/upstash/package.json
      - target: packages/utils/package.json
        source: packages/utils/package.json
      - target: packages/tsconfig/package.json
        source: packages/tsconfig/package.json
      - target: packages/assertions/package.json
        source: packages/assertions/package.json
  fromImage:
    path: debian
    digest: sha256:b0c91cc181796d34c53f7ea106fbcddaf87f3e601cc371af6a24a019a489c980
  copy:
  - fromBuilder: build
    paths:
    - /app/apps/server/app
    target: /bin/
    chmod: '555'
  entrypoint:
  - /bin/app
  expose:
  - port: 3000
images:
  registry.hub.docker.com:443:
    oven:
      bun:
        latest:
          digest: sha256:10cda3ac52b7ddfb3dda2fd1f0ed2147dcb8d5b7ed7baeffbfcaf6e15c1c00df
    library:
      debian:
        bullseye-slim:
          digest: sha256:b0c91cc181796d34c53f7ea106fbcddaf87f3e601cc371af6a24a019a489c980
resources:
  dofigen.yml:
    hash: 4983836e4e9309e7c36e9d8b42696abad4223effb74f65efdc47e8f651e323a6
    content: |
      ignore:
        - node_modules
        - /apps/docs
        - /apps/screenshot-service
        - /apps/web
        - /packages/api
        - /packages/integrations/vercel
      builders:
        install:
          fromImage: oven/bun
          workdir: /app/
          # Copy project
          bind:
            - package.json
            - apps/server/package.json
            - packages/analytics/package.json
            - packages/db/package.json
            - packages/emails/package.json
            - packages/error/package.json
            - packages/notifications/discord/package.json
            - packages/notifications/email/package.json
            - packages/notifications/opsgenie/package.json
            - packages/notifications/pagerduty/package.json
            - packages/notifications/slack/package.json
            - packages/notifications/twillio-sms/package.json
            - packages/tinybird/package.json
            - packages/tracker/package.json
            - packages/upstash/package.json
            - packages/utils/package.json
            - packages/tsconfig/package.json
            - packages/assertions/package.json
          # Install dependencies
          run: bun install --production --ignore-scripts --frozen-lockfile --verbose
          cache:
            - /root/.bun/install/cache
        build:
          fromImage: oven/bun
          workdir: /app/apps/server
          copy:
            - . /app/
            - fromBuilder: install
              source: /app/node_modules
              target: /app/node_modules
            #  Should set env to production here
          # Compile the TypeScript application
          env:
            NODE_ENV: production
          run: bun build --compile --sourcemap src/index.ts --outfile=app
      fromImage: debian:bullseye-slim
      copy:
        - fromBuilder: build
          source: /app/apps/server/app
          target: /bin/
          chmod: "555"
      expose: 3000
      entrypoint: /bin/app
