effective: |
  builders:
    builder:
      fromImage:
        path: node
        digest: sha256:0afb7822fac7bf9d7c1bf3b6e6c496dee6b2b64d8dfa365501a3c68e8eba94b2
      label:
        org.opencontainers.image.base.name: docker.io/node:24-slim
        org.opencontainers.image.base.digest: sha256:0afb7822fac7bf9d7c1bf3b6e6c496dee6b2b64d8dfa365501a3c68e8eba94b2
      workdir: /app
      env:
        VERCEL_AUTH_BEARER_TOKEN: test
        STRIPE_SECRET_KEY: test
        UPSTASH_REDIS_REST_TOKEN: test
        DATABASE_AUTH_TOKEN: test
        RESEND_API_KEY: test
        CRON_SECRET: test
        NEXT_PUBLIC_OPENPANEL_CLIENT_ID: test
        NEXT_PUBLIC_URL: http://localhost:3003
        OPENPANEL_CLIENT_SECRET: test
        DATABASE_URL: http://libsql:8080
        UNKEY_API_ID: test
        NODE_ENV: production
        UPSTASH_REDIS_REST_URL: test
        UNKEY_TOKEN: test
        TINY_BIRD_API_KEY: test
        PATH: $PNPM_HOME:$PATH
        PNPM_HOME: /pnpm
        PROJECT_ID_VERCEL: test
        TEAM_ID_VERCEL: test
      copy:
      - paths:
        - .
        target: /app/
      run:
      - corepack enable
      - pnpm install --frozen-lockfile
      - pnpm turbo run build --filter=@openstatus/status-page
  fromImage:
    path: node
    digest: sha256:0afb7822fac7bf9d7c1bf3b6e6c496dee6b2b64d8dfa365501a3c68e8eba94b2
  label:
    io.dofigen.version: 2.5.1
    org.opencontainers.image.base.name: docker.io/node:24-slim
    org.opencontainers.image.base.digest: sha256:0afb7822fac7bf9d7c1bf3b6e6c496dee6b2b64d8dfa365501a3c68e8eba94b2
  user:
    user: '1000'
    group: '1000'
  workdir: /app/apps/status-page
  copy:
  - fromBuilder: builder
    paths:
    - /app/apps/status-page/.next/standalone/apps/status-page/
    target: ./
    chmod: '555'
  - fromBuilder: builder
    paths:
    - /app/node_modules/
    target: /app/node_modules/
  - fromBuilder: builder
    paths:
    - /app/apps/status-page/.next/static/
    target: ./.next/static/
  - fromBuilder: builder
    paths:
    - /app/apps/status-page/public/
    target: ./public/
  root:
    run:
    - apt-get update
    - apt-get install -y --no-install-recommends curl
    - rm -rf /var/lib/apt/lists/*
  cmd:
  - node
  - server.js
  expose:
  - port: 3000
  healthcheck:
    cmd: curl -f http://localhost:3000/ || exit 1
    interval: 30s
    timeout: 10s
    start: 45s
    retries: 3
images:
  docker.io:
    library:
      node:
        24-slim:
          digest: sha256:0afb7822fac7bf9d7c1bf3b6e6c496dee6b2b64d8dfa365501a3c68e8eba94b2
resources:
  dofigen.yml:
    hash: 29d846efda50082c251fd06ac8b56ba9fb73332770a8317a7536fdbcd6718c76
    content: |
      builders:
        # Stage 1: Next.js build with Node.js
        builder:
          fromImage: node:24-slim
          workdir: /app
          copy:
            - . /app/
          env:
            NODE_ENV: production
            PNPM_HOME: /pnpm
            PATH: $PNPM_HOME:$PATH
            # Build-time environment variables (placeholder values, overwritten by .env.docker at runtime)
            DATABASE_URL: http://libsql:8080
            DATABASE_AUTH_TOKEN: test
            RESEND_API_KEY: test
            UPSTASH_REDIS_REST_URL: test
            UPSTASH_REDIS_REST_TOKEN: test
            TINY_BIRD_API_KEY: test
            STRIPE_SECRET_KEY: test
            PROJECT_ID_VERCEL: test
            TEAM_ID_VERCEL: test
            VERCEL_AUTH_BEARER_TOKEN: test
            CRON_SECRET: test
            UNKEY_TOKEN: test
            UNKEY_API_ID: test
            NEXT_PUBLIC_OPENPANEL_CLIENT_ID: test
            OPENPANEL_CLIENT_SECRET: test
            NEXT_PUBLIC_URL: http://localhost:3003
          run:
            - corepack enable
            - pnpm install --frozen-lockfile
            - pnpm turbo run build --filter=@openstatus/status-page

      # Runtime stage
      fromImage: node:24-slim
      workdir: /app/apps/status-page

      # Copy artifacts from builder
      copy:
        # Copy Next.js standalone output
        - fromBuilder: builder
          source: /app/apps/status-page/.next/standalone/apps/status-page/
          target: ./
          chmod: "555"
        # Copy root node_modules (required for pnpm symlinks)
        - fromBuilder: builder
          source: /app/node_modules/
          target: /app/node_modules/
        # Copy static assets
        - fromBuilder: builder
          source: /app/apps/status-page/.next/static/
          target: ./.next/static/
        # Copy public directory
        - fromBuilder: builder
          source: /app/apps/status-page/public/
          target: ./public/

      # Install curl for health checks
      root:
        run:
          - apt-get update
          - apt-get install -y --no-install-recommends curl
          - rm -rf /var/lib/apt/lists/*

      # Security: run as non-root user
      user: "1000:1000"

      # Expose port
      expose: "3000"

      # Health check
      healthcheck:
        interval: 30s
        timeout: 10s
        start: 45s
        retries: 3
        cmd: curl -f http://localhost:3000/ || exit 1

      # Start application
      cmd:
        - node
        - server.js
