effective: |
  ignore:
  - node_modules
  - /apps/docs
  - /apps/screenshot-service
  - /apps/server
  - /apps/web
  - /apps/dashboard
  - /apps/status-page
  - /packages/analytics
  - /packages/api
  - /packages/error
  - /packages/tracker
  builders:
    install:
      fromImage:
        path: node
        digest: sha256:242549cd46785b480c832479a730f4f2a20865d61ea2e404fdb2a5c3d3b73ecf
      label:
        org.opencontainers.image.stage: install
        org.opencontainers.image.base.digest: sha256:242549cd46785b480c832479a730f4f2a20865d61ea2e404fdb2a5c3d3b73ecf
        org.opencontainers.image.base.name: docker.io/node:24-slim
      workdir: /app/
      run:
      - corepack enable pnpm
      - pnpm install --prod --frozen-lockfile --verbose
      cache:
      - target: /root/.local/share/pnpm/store
      bind:
      - target: pnpm-workspace.yaml
        source: pnpm-workspace.yaml
      - target: pnpm-lock.yaml
        source: pnpm-lock.yaml
      - target: package.json
        source: package.json
      - target: apps/workflows/package.json
        source: apps/workflows/package.json
      - target: packages/assertions/package.json
        source: packages/assertions/package.json
      - target: packages/db/package.json
        source: packages/db/package.json
      - target: packages/emails/package.json
        source: packages/emails/package.json
      - target: packages/notifications/base/package.json
        source: packages/notifications/base/package.json
      - target: packages/notifications/discord/package.json
        source: packages/notifications/discord/package.json
      - target: packages/notifications/email/package.json
        source: packages/notifications/email/package.json
      - target: packages/notifications/grafana-oncall/package.json
        source: packages/notifications/grafana-oncall/package.json
      - target: packages/notifications/google-chat/package.json
        source: packages/notifications/google-chat/package.json
      - target: packages/notifications/ms-teams/package.json
        source: packages/notifications/ms-teams/package.json
      - target: packages/notifications/ntfy/package.json
        source: packages/notifications/ntfy/package.json
      - target: packages/notifications/opsgenie/package.json
        source: packages/notifications/opsgenie/package.json
      - target: packages/notifications/pagerduty/package.json
        source: packages/notifications/pagerduty/package.json
      - target: packages/notifications/slack/package.json
        source: packages/notifications/slack/package.json
      - target: packages/notifications/telegram/package.json
        source: packages/notifications/telegram/package.json
      - target: packages/notifications/bird-whatsapp/package.json
        source: packages/notifications/bird-whatsapp/package.json
      - target: packages/notifications/twillio-sms/package.json
        source: packages/notifications/twillio-sms/package.json
      - target: packages/notifications/webhook/package.json
        source: packages/notifications/webhook/package.json
      - target: packages/importers/package.json
        source: packages/importers/package.json
      - target: packages/regions/package.json
        source: packages/regions/package.json
      - target: packages/services/package.json
        source: packages/services/package.json
      - target: packages/subscriptions/package.json
        source: packages/subscriptions/package.json
      - target: packages/utils/package.json
        source: packages/utils/package.json
      - target: packages/tsconfig/package.json
        source: packages/tsconfig/package.json
      - target: packages/tinybird/package.json
        source: packages/tinybird/package.json
      - target: packages/upstash/package.json
        source: packages/upstash/package.json
      - target: packages/theme-store/package.json
        source: packages/theme-store/package.json
      - target: packages/locales/package.json
        source: packages/locales/package.json
      - target: packages/status-fetcher/package.json
        source: packages/status-fetcher/package.json
    build:
      fromImage:
        path: denoland/deno
        digest: sha256:8d24854de78a79c56e74b49aa4c5996c60e1fe3730efba8fbdd2692c582e6e29
      label:
        org.opencontainers.image.stage: build
        org.opencontainers.image.base.name: docker.io/denoland/deno:2.9.0
        org.opencontainers.image.base.digest: sha256:8d24854de78a79c56e74b49aa4c5996c60e1fe3730efba8fbdd2692c582e6e29
      workdir: /app/apps/workflows
      env:
        NODE_ENV: production
      copy:
      - paths:
        - .
        target: /app/
      - fromBuilder: install
        paths:
        - /app/node_modules
        target: /app/node_modules
      - fromBuilder: install
        paths:
        - /app/apps/workflows/node_modules
        target: /app/apps/workflows/node_modules
      - fromBuilder: install
        paths:
        - /app/packages
        target: /app/packages
      run:
      - deno compile -A --sloppy-imports --node-modules-dir=manual --output app src/serve.ts
  fromImage:
    path: debian
    digest: sha256:cd1bc32f233a49f1b82149c9edb8ef34fb1e6c45f37211445c51a97603468604
  label:
    org.opencontainers.image.authors: OpenStatus Team
    org.opencontainers.image.base.digest: sha256:cd1bc32f233a49f1b82149c9edb8ef34fb1e6c45f37211445c51a97603468604
    io.dofigen.version: 2.8.0
    org.opencontainers.image.source: https://github.com/openstatusHQ/openstatus
    org.opencontainers.image.title: OpenStatus Workflows
    org.opencontainers.image.vendor: OpenStatus
    org.opencontainers.image.description: Background job processing and probe scheduling for OpenStatus
    org.opencontainers.image.base.name: docker.io/debian:bullseye-slim
  workdir: /app/
  copy:
  - fromBuilder: build
    paths:
    - /app/apps/workflows/app
    target: /app/apps/workflows/
    chmod: '555'
  root:
    run:
    - apt-get update -q && apt-get install -y -q --no-install-recommends ca-certificates curl && update-ca-certificates && rm -rf /var/lib/apt/lists/* && mkdir -p /app/data && chown -R 1000:1000 /app/data
  entrypoint:
  - /app/apps/workflows/app
  expose:
  - port: 3000
images:
  docker.io:
    denoland:
      deno:
        2.9.0:
          digest: sha256:8d24854de78a79c56e74b49aa4c5996c60e1fe3730efba8fbdd2692c582e6e29
    library:
      debian:
        bullseye-slim:
          digest: sha256:cd1bc32f233a49f1b82149c9edb8ef34fb1e6c45f37211445c51a97603468604
      node:
        24-slim:
          digest: sha256:242549cd46785b480c832479a730f4f2a20865d61ea2e404fdb2a5c3d3b73ecf
resources:
  dofigen.yml:
    hash: da5a8e5da9a5c8a9d97dc40029b6de1bb872790b1e0ff682fa170f839535f0c4
    content: |
      ignore:
        - node_modules
        - /apps/docs
        - /apps/screenshot-service
        - /apps/server
        - /apps/web
        - /apps/dashboard
        - /apps/status-page
        - /packages/analytics
        - /packages/api
        - /packages/error
        - /packages/tracker
      builders:
        install:
          fromImage: node:24-slim
          workdir: /app/
          labels:
            org.opencontainers.image.stage: install
          bind:
            - pnpm-workspace.yaml
            - pnpm-lock.yaml
            - package.json
            - apps/workflows/package.json
            - packages/assertions/package.json
            - packages/db/package.json
            - packages/emails/package.json
            - packages/notifications/base/package.json
            - packages/notifications/discord/package.json
            - packages/notifications/email/package.json
            - packages/notifications/grafana-oncall/package.json
            - packages/notifications/google-chat/package.json
            - packages/notifications/ms-teams/package.json
            - packages/notifications/ntfy/package.json
            - packages/notifications/opsgenie/package.json
            - packages/notifications/pagerduty/package.json
            - packages/notifications/slack/package.json
            - packages/notifications/telegram/package.json
            - packages/notifications/bird-whatsapp/package.json
            - packages/notifications/twillio-sms/package.json
            - packages/notifications/webhook/package.json
            - packages/importers/package.json
            - packages/regions/package.json
            - packages/services/package.json
            - packages/subscriptions/package.json
            - packages/utils/package.json
            - packages/tsconfig/package.json
            - packages/tinybird/package.json
            - packages/upstash/package.json
            - packages/theme-store/package.json
            - packages/locales/package.json
            - packages/status-fetcher/package.json

          # Install dependencies
          run:
            - corepack enable pnpm
            - pnpm install --prod --frozen-lockfile --verbose
          cache:
            - /root/.local/share/pnpm/store

        # Stage 4: Build application (compile to binary with Deno)
        build:
          fromImage: denoland/deno:2.9.0
          workdir: /app/apps/workflows
          labels:
            org.opencontainers.image.stage: build
          copy:
            - . /app/
            - fromBuilder: install
              source: /app/node_modules
              target: /app/node_modules
            - fromBuilder: install
              source: /app/apps/workflows/node_modules
              target: /app/apps/workflows/node_modules
            - fromBuilder: install
              source: /app/packages
              target: /app/packages
          env:
            NODE_ENV: production
          # `deno compile` embeds the @libsql/client native addon into the binary, so no side-car
          # node_modules is needed at runtime (unlike `bun build --compile`).
          run: deno compile -A --sloppy-imports --node-modules-dir=manual --output app src/serve.ts

      fromImage: debian:bullseye-slim
      workdir: /app/
      root:
        run: apt-get update -q && apt-get install -y -q --no-install-recommends ca-certificates curl && update-ca-certificates && rm -rf /var/lib/apt/lists/* && mkdir -p /app/data && chown -R 1000:1000 /app/data

      # Metadata labels
      labels:
        org.opencontainers.image.title: OpenStatus Workflows
        org.opencontainers.image.description: Background job processing and probe scheduling for OpenStatus
        org.opencontainers.image.source: https://github.com/openstatusHQ/openstatus
        org.opencontainers.image.vendor: OpenStatus
        org.opencontainers.image.authors: OpenStatus Team

      # Copy the self-contained compiled binary (native addon embedded by deno compile)
      copy:
        - fromBuilder: build
          source: /app/apps/workflows/app
          target: /app/apps/workflows/
          chmod: "555"
      expose: "3000"

      entrypoint: /app/apps/workflows/app
