effective: |
  builders:
    builder:
      fromImage:
        path: node
        digest: sha256:2fe369e969550cde8e867afc3fe370b260140cab4a23d467074295b42163d553
      label:
        org.opencontainers.image.base.name: docker.io/node:24-slim
        org.opencontainers.image.base.digest: sha256:2fe369e969550cde8e867afc3fe370b260140cab4a23d467074295b42163d553
      workdir: /app
      env:
        RESEND_API_KEY: test
        CRON_SECRET: test
        NODE_ENV: production
        UNKEY_API_ID: test
        TEAM_ID_VERCEL: test
        NEXT_PUBLIC_URL: http://localhost:3002
        OPENPANEL_CLIENT_SECRET: test
        UPSTASH_REDIS_REST_URL: https://test.upstash.io
        AUTH_SECRET: build-time-placeholder-min-32-chars-long
        PATH: $PNPM_HOME:$PATH
        DATABASE_URL: http://libsql:8080
        UPSTASH_REDIS_REST_TOKEN: test
        VERCEL_AUTH_BEARER_TOKEN: test
        UNKEY_TOKEN: test
        NEXT_PUBLIC_SELF_HOST: 'true'
        TINY_BIRD_API_KEY: test
        SELF_HOST: 'true'
        PNPM_HOME: /pnpm
        NEXT_PUBLIC_OPENPANEL_CLIENT_ID: test
        PROJECT_ID_VERCEL: test
        STRIPE_SECRET_KEY: test
        DATABASE_AUTH_TOKEN: test
      copy:
      - paths:
        - .
        target: /app/
      run:
      - corepack enable
      - pnpm install --frozen-lockfile
      - pnpm turbo run build --filter=@openstatus/dashboard
  fromImage:
    path: node
    digest: sha256:2fe369e969550cde8e867afc3fe370b260140cab4a23d467074295b42163d553
  label:
    io.dofigen.version: 2.8.0
    org.opencontainers.image.base.name: docker.io/node:24-slim
    org.opencontainers.image.base.digest: sha256:2fe369e969550cde8e867afc3fe370b260140cab4a23d467074295b42163d553
  user:
    user: '1000'
    group: '1000'
  workdir: /app/apps/dashboard
  copy:
  - fromBuilder: builder
    paths:
    - /app/apps/dashboard/.next/standalone/apps/dashboard/
    target: ./
    chmod: '555'
  - fromBuilder: builder
    paths:
    - /app/node_modules/
    target: /app/node_modules/
  - fromBuilder: builder
    paths:
    - /app/apps/dashboard/.next/static/
    target: ./.next/static/
  - fromBuilder: builder
    paths:
    - /app/apps/dashboard/public/
    target: ./public/
  root:
    run:
    - apt-get update
    - apt-get install -y --no-install-recommends curl
    - rm -rf /var/lib/apt/lists/*
  cmd:
  - node
  - server.js
  expose:
  - port: 3000
  healthcheck:
    cmd: curl -f http://localhost:3000/ || exit 1
    interval: 30s
    timeout: 10s
    start: 45s
    retries: 3
images:
  docker.io:
    library:
      node:
        24-slim:
          digest: sha256:2fe369e969550cde8e867afc3fe370b260140cab4a23d467074295b42163d553
resources:
  dofigen.yml:
    hash: 490d7f522af488e1a8fe6fc01a8f34652a21b17970dac5d7772e7351faab22f2
    content: |
      builders:
        # Stage 1: Next.js build with Node.js
        builder:
          fromImage: node:24-slim
          workdir: /app
          copy:
            - . /app/
          env:
            NODE_ENV: production
            PNPM_HOME: /pnpm
            PATH: $PNPM_HOME:$PATH
            # Build-time environment variables (placeholder values, overwritten by .env.docker at runtime)
            DATABASE_URL: http://libsql:8080
            DATABASE_AUTH_TOKEN: test
            NEXT_PUBLIC_OPENPANEL_CLIENT_ID: test
            NEXT_PUBLIC_URL: http://localhost:3002
            TEAM_ID_VERCEL: test
            PROJECT_ID_VERCEL: test
            VERCEL_AUTH_BEARER_TOKEN: test
            OPENPANEL_CLIENT_SECRET: test
            RESEND_API_KEY: test
            UPSTASH_REDIS_REST_URL: https://test.upstash.io
            UPSTASH_REDIS_REST_TOKEN: test
            UNKEY_TOKEN: test
            UNKEY_API_ID: test
            TINY_BIRD_API_KEY: test
            CRON_SECRET: test
            STRIPE_SECRET_KEY: test
            AUTH_SECRET: build-time-placeholder-min-32-chars-long
            SELF_HOST: "true"
            NEXT_PUBLIC_SELF_HOST: "true"
          run:
            - corepack enable
            - pnpm install --frozen-lockfile
            - pnpm turbo run build --filter=@openstatus/dashboard

      # Runtime stage
      fromImage: node:24-slim
      workdir: /app/apps/dashboard

      # Copy artifacts from builder
      copy:
        # Copy Next.js standalone output
        - fromBuilder: builder
          source: /app/apps/dashboard/.next/standalone/apps/dashboard/
          target: ./
          chmod: "555"
        # Copy root node_modules (required for pnpm symlinks)
        - fromBuilder: builder
          source: /app/node_modules/
          target: /app/node_modules/
        # Copy static assets
        - fromBuilder: builder
          source: /app/apps/dashboard/.next/static/
          target: ./.next/static/
        # Copy public directory
        - fromBuilder: builder
          source: /app/apps/dashboard/public/
          target: ./public/

      # Install curl for health checks
      root:
        run:
          - apt-get update
          - apt-get install -y --no-install-recommends curl
          - rm -rf /var/lib/apt/lists/*

      # Security: run as non-root user
      user: "1000:1000"

      # Expose port
      expose: "3000"

      # Health check
      healthcheck:
        interval: 30s
        timeout: 10s
        start: 45s
        retries: 3
        cmd: curl -f http://localhost:3000/ || exit 1

      # Start application
      cmd:
        - node
        - server.js
